# Auto-generated by `make corpus-regen`. Do not edit.
# Format: <sha256-hex>  <filename> (two spaces, sha256sum-compatible).
4e9516dca0dd6bc950ddc5783bfd180f3dfccdc6ef4dcf707777b1aeeeef546d  api_key.txt
2abb013352342bcda1bc72c9e61e9ce4d3be3cb82f49e21e6e0a74f7d1ab7a78  au_medicare_number.txt
694dbd745ce3feb8ef065ca8e71c5af80204c02871e2c4420cd7fdf15c5e2656  bank_account_number.txt
709edc3227ae63ccb36246606055158f2bd34c333c8d5a7119def74a0227e67b  bearer_token.txt
9617ea640169ab117310200b700d9b29fccc4b467c2d171d9165a42ed5674e64  br_cnpj.txt
fb18897f96bd3e751afe4aa5eb2921b73658944c7521dd7b2c19553cb1e069d7  br_cpf.txt
8a7442311ba036a76b18f694edf3a1551b366148bf3914acb483e0f05d0cc7bb  ca_sin.txt
96d9daf76b5e41582b0d8521e99d351053197f01c692bc55c9d4e96308ecfa51  cn_resident_id.txt
9ed7ee9d68e3cac218536855ce128e988446553d3c93d5825a924526fe8371a2  connection_string.txt
2f206f18586c4e36979874e70cf441fcd30e695abbd3be4bf6e519046036d895  database_dsn.txt
e7eee8175ee7d4063e66a65396aea1a7e0ec93b312ee5023a376bcb2051d8d24  date_of_birth.txt
e89a1f87ee30a9ea9648475991440daa50dca0cd2c7d2b7474de6bbea4ee1a8c  deterministic_hash.txt
f13ca1d0ab64b3a2e45cddeab6676374b5f67a31451465d83857eaf72c15e6f6  diagnosis_code.txt
241b3221440b35c522da9c515318ef55531574109adeaa1aa4141aff6eb1e7de  driver_license_number.txt
30a257fd3c6011afba6ff16ccae8451b7b8413a6ad8691b47d754e9ce2b594db  email_address.txt
8ad61b795771bc536be19bebabf7cb1193e4003bb3ec896005ffdecc9d336001  es_dni_nif_nie.txt
ac4edb98a0b24c24fc3c587401d582e6c1a8d25f6192ff6e69e11d3ac34041af  family_name.txt
3d5c52a518a340ac9916074ef0e40aa32b7ac5354d5aa989d4ca1044a3c5b8bb  full_redact.txt
c9df64fee2fe89378c0e7898962f9f15462fb943ec036a21df0230668cf64b40  generic_national_id.txt
77782ac0e874a090f5e1a89d6a76fdbce53dee815e63a92526cfbb1f342b48aa  geo_coordinates.txt
79395d3a89b0281f2bc10658542156381bfad6ec922239d4a93dad31457ea56e  geo_latitude.txt
636c88c18c6bc423d6bd2cf299d41d1677ca48e7b5b5d8abb8ba9b920ab2030d  geo_longitude.txt
c21005799d261840c748079b9b36535dd49e6e0cf9025dca04813272ee11c2c3  given_name.txt
edf12d301d1cc65b029c7ec54f0e3f6fcec1586cf2344229621856cc605925c3  health_plan_beneficiary_id.txt
73d13d81171986c8dbe6a1521ecd04fe287660efdcb569d1f6d10be0e1412024  hostname.txt
98dcc55cf1c52bb07f88d5e61c6fbaec561b45efb3cf2e6ab318da7de6534a62  iban.txt
cb00e1acd565a8caedc0742ad0191cd0d39931e00f0bd31ba294a62414cda7d7  imei.txt
5b9308e9f7b33baa429bc10125156d989dcea0276be8df3c416f76b474c1a0cc  imsi.txt
c821d2a782af8886b95ab106672a4baaabeb06a005a8be63de6d093d4ff992a1  in_aadhaar.txt
89296e95d99f0ddf5bbf2a946097448f80ec045aa5a08a7537f5e7ee033e7cd0  in_pan.txt
fc344a0ba5cf384bb32d78a0723a138aee336b2846e9c676b2c228cb2bb4250f  ipv4_address.txt
b04b233563dda8125edc31868964ea69d0b48c3c324a03509587cd7375b0d766  ipv6_address.txt
bd543b59a8f13dd705f4ff2a53a0359e46c81f8ac95edd913b66ee13e8ede40b  jwt_token.txt
a569fa2d9c4c94414be67287f912acbd36078a535e89e1ceb7762196fe48bb2b  mac_address.txt
c5345ce51914c147fc31cfd677ef045b7d8a25467bfaef5de503bba67ed5d7c2  medical_device_identifier.txt
b90928d104c05be37d7e8ecde1e6ae2af7f562c0a0bafe2a8cefc52d6d21a054  medical_record_number.txt
902fd92687053fd9c62b39a7f7add632bcf84d49f97f460e9182b30ae415739f  mobile_phone_number.txt
37cb1342ba11beea6d74053fbfdc9aa2bd38508e6431064873528c1f46ff7ddd  monetary_amount.txt
19d304e81ee53fa615386ddd54f6aaead4af5528c4f098a13a6f04c54b4a82ea  msisdn.txt
a5848c152d150331d9df6b9b531aadae8ce3f0539ec9d095522530197a30ffbf  mx_curp.txt
c373f9c5f1e04b1752d4a9cb5ac0f4a631f71a932b5219066dcb42552237d2e9  mx_rfc.txt
1a355ab039e6f6836c5f7cf9c4742479da758e8d2f89bf4be92eaeb7351ed169  nullify.txt
eb2caefef9e60b6265f01757fc291c8c01fa7ccb8bdca5f9e9d660f990a1a0ec  passport_number.txt
59720b6bfe13b582e80977076ff49c8c8ed06fc0d936c656455341291b9dab0b  password.txt
cdecbc8195f9aaa23ebadf80fb7b412c357fdf2594917202df8e65e0b8093933  payment_card_cvv.txt
8d615643fbfc6ba203746b707ea1ae6ac6da758c888bdd1827c7d51262fa49bc  payment_card_pan.txt
ce9c491b6ef8a7e2d1c1abb8142b866db15e4df8da4426fe4dd0640ecdb41b6c  payment_card_pan_first6.txt
c20c73d0a9af3d773573d091dbae62c141e1d3d90b3f05d924de0d7f342f3558  payment_card_pan_last4.txt
185c1b17e70a75176d29fdfb0043a457aa84eef0138968c8d5fc653c87cb1c6a  payment_card_pin.txt
1801135af42dec32f634ed02327233353d9c24e176501d6eada81e8ecdab4c5b  person_name.txt
dd2b7a65b1cc55b6beffcfdf5dcf7149f45db1fd09ce120727a05302f1b35350  phone_number.txt
b27ee78b1a28da02b68983cf58fe0933e65ed10425c80a89872c8e7c1ae8bc70  postal_code.txt
7b81e8afc2d862012b6c15b5b290356424eb4a46eed02b253629983be6a4a34a  prescription_text.txt
5a5e534d661b0d278349fd84b55284dabd51cc0dd45be632ee7100febf4e79ef  private_key_pem.txt
9993b7b2ef7a101057cafbe036e0f11021420ddeef5477a2ce71509004322b1f  same_length_mask.txt
a1fd358068beaf18651ba3e2c6b09a271a576c8d1dcbd91c37bf5c3342b7b76d  sg_nric_fin.txt
e943aa396793e8743733afcc788d9e447c5fcd5d7b4bf981fcf4c4a8d7c8f2ea  street_address.txt
416a362af4a268904d3ee9aa1f2398a5601da0c9f954b9b9b45c05e589c6f2f1  swift_bic.txt
a23c2cab5a76766fd55da0369727eae6f279af9f053f23848a944bc9408523c2  tax_identifier.txt
0f18d25c3e446bc4d256519b40f3726611ba567c7e337e5383bb92fdb2a0a173  uk_nino.txt
c679c95eb259de42a44930a0159228cafc8bbaca5a754e292d00ddf06b764099  uk_sort_code.txt
f26ea2ffcb4fd683aca0ddacc199bb5b0e87811db2e4c43861a7d6e6a18db576  url.txt
2d70516b7f33e7371c0141c5505a2580b0ea2752433d961845cff938e68b6288  url_credentials.txt
90c87bff0383764193aa175069d8191345e6fb61b04a4cb7639eb607371066bb  us_aba_routing_number.txt
22b3c5d1056493538a8018030fef70a7acf8a28c31eaf64dbd0c0c8d588a652d  us_ssn.txt
e7401c52d38c8e71e0efddbe9e85aef790acb5676ccd60f74709d35be75854b4  username.txt
27d90bf6377826179d654fa30327dfdcdf76bc914f06a9b902cd3bc39a0549c1  uuid.txt
91c7caf3ce3df5f5bd1bef55747361359a08c0d5fd379d6fec18e0e6192aed90  za_national_id.txt
