# Auto-generated by `make corpus-regen`. Do not edit.
# Format: <sha256-hex>  <filename> (two spaces, sha256sum-compatible).
3ad87b91406d2c9b320b47425f8a6e46066ee21bc1015412c88e13122b72922b  api_key.txt
ecda868a531f2562f441dd5f32a3fdd396187a512c2a590546c7b859133ad9ce  au_medicare_number.txt
9d256461e0d21664604a74828b461400e2b68b40ca704d2ddd4746a5a5856561  bank_account_number.txt
5c2668d551f6627830e00c7f2ae0b5bf7759f8d5b49e74e7af084a28e49bfd32  bearer_token.txt
6397c0679e3b77e61cef2325ecd619deca43555a51a31769575a61dfa0c2c0ac  br_cnpj.txt
c6d2a5ddf8192137d2e7488fb3b7813ae4963b130bf255241b8b563d8b2e9f7d  br_cpf.txt
e608833853acd736f8d0722b0022533c565aa9252482a077a3135532985af830  ca_sin.txt
0428cc90797835a855c124dd2cd603ebc628b89a7b15199b0559a1d426c47f3f  cn_resident_id.txt
fa66c7d22c1a255095b3ed5146f26dc971db0dd35e9e79215d545360b4ae53ae  connection_string.txt
61884eef767de6d94440f48ce8e7c6e782f9c9ea276f719a3dde0e1eba80e5f4  database_dsn.txt
99f490b0f1938777075276d9dae09437ce4de7ee8fab5b2fdba20d383953f58e  date_of_birth.txt
0359164fa8cc7a7f8a8275d5a5c2ab43515fdaa8843101a17184cde2c819ab18  deterministic_hash.txt
9de62d522e2b65687109ba9fbd8681ee2e96355a7abfba459595e15d87676294  diagnosis_code.txt
c37e49dfe2f586252954ba8db6c555c6d7892139b6d83a8524c43726cbcf8121  driver_license_number.txt
30a257fd3c6011afba6ff16ccae8451b7b8413a6ad8691b47d754e9ce2b594db  email_address.txt
bb0211f064246bf6824384660beeb0a73774b35ac5d264661bf0f8b00535a07d  es_dni_nif_nie.txt
da97b0d8545b700f0c58daecf3b6f044f1044498cd6f767bfd20d389591e1dc6  family_name.txt
3d5c52a518a340ac9916074ef0e40aa32b7ac5354d5aa989d4ca1044a3c5b8bb  full_redact.txt
24fd56ce7f4a818ef824f459e91ea63e8134058ff62588cd9aa6f5d251f006ba  generic_national_id.txt
6197e5de96cfa05e5f5eabae25c1296025cbd274a6af371e6a6a6631638386ad  geo_coordinates.txt
d78b91a07d501ebb3cdf27a79337b8fc07746e61c5df619755cf24f2a3916b3e  geo_latitude.txt
fb62f21440b27acd9852604d8c5d7974a90392eb69ce6e8711458535c5b2ae1a  geo_longitude.txt
0beadac043650ffac532167ff808dcd367bc7ecbecac6fd2ef1b84f4ed846f1b  given_name.txt
5575843f039fbdb2f77507a2c187908780dd7393249b963f4c487f21a7bb15b3  health_plan_beneficiary_id.txt
22581508b38d30cf9701169595641202ee493b693dee3f1a6a2d7e5423c1da0a  hostname.txt
bbf4433a07fe7c3c2fa349db2fa6c5d17ff0e7b1e60647deba65bb669d791bf5  iban.txt
1969ebdb95bb2d6732f4ec8c21a9a6b8279d75aacf86ffbd584efb224cbbe779  imei.txt
8385a8dffe0e6c5fdfcfda9428f89cc750d823085c20ff0a8fe00ea357f2f67f  imsi.txt
d45c16921e6162561bb3a361fa232319837c6d4e778a4781f8ab8277596b3424  in_aadhaar.txt
8e245ad46d19b86122f2669daf32eb657b6817b2fb9e6af7286ac90bb49c1695  in_pan.txt
170d514bbf78ee1e15cfb9d3fc45f14178fb57e319cdef2b20437b0ca23f6fcb  ipv4_address.txt
700d1af0ba16b9fafe26227125d8a7d04b50e666b79ccbc0e6cac81e38dca37e  ipv6_address.txt
4ccb7d43b20a0bf4ccc1f92b1a39bc7ba827835b49ccb01f058a50690ea0eb93  jwt_token.txt
553823d31e453485656f5878ae983e4ba21d528f33017dc64ad4a3d7d6f19e82  mac_address.txt
b70817f7a36af65faa2994d30da00d384adf63820474588601d085203d74421b  medical_device_identifier.txt
0ffbaf2a459f2711b33b2bd6993eb4ce8995efbbe834329fa90f94330d47f28f  medical_record_number.txt
6e97984b56c11abcb50ccce14a4edc28e598f89c75056e5f01be6e4c836730a0  mobile_phone_number.txt
ccf3ef5637b7e9924bbdf478af49e9e64fc262b656debfb9b23d97d393cf57fa  monetary_amount.txt
7ca40f963b67a73b66392340ffd9ede48cf67e4d04b6e38e6533e1662da518b6  msisdn.txt
bec0b6fc8131b02f6dcc329249a4ddb61593c4b2bf6a53d2c34dbba7f776f653  mx_curp.txt
07474e12d06375f3672e77f0a368fecdec1f7a435b8dba0bbbefe69f610226aa  mx_rfc.txt
d309c64826f7a0b6beed4523ecf8c755fe141b81308decc02835641eb7307da4  nullify.txt
27d04e77c16796e08b59b0096db664818711ac125265d2257d7973d718b62e0d  passport_number.txt
aab526dab886406fce560e7bf3751b4261a9047abf533ec313943b5285dbb559  password.txt
9c6abc24756c81c58b25af1db1d8f5c364d3443c7785aa17e00ecbdbe2eeb7bf  payment_card_cvv.txt
b2e788b2238716967d4db1e7583ea26e5c438d9a1d1e0133ec6f2906a6fa0aa8  payment_card_pan.txt
d2ee548595ba45b82a0a708c9003acdf35b988027e83ba4549d8845833a8c271  payment_card_pan_first6.txt
d99bfcb6bed7e36ad45b0243e765ca03a047d21347b0cb98b48d9c75ad3e0951  payment_card_pan_last4.txt
8aa8c2d9664d5885e40cedadd7bb6fcc3df91f73b5d2be92331922276a3a31a4  payment_card_pin.txt
f3747f99a6148bcbd7eab5138ae387ba316237b82c89ee771bd0769917ee5041  person_name.txt
dd2b7a65b1cc55b6beffcfdf5dcf7149f45db1fd09ce120727a05302f1b35350  phone_number.txt
5cc4c18851194b4cd51fdd84a33e064babe3e449a938109c82aa763aeded822c  postal_code.txt
6dc8f08404dfd72ea3f525638ee6f30fcd99d940a48adbe5372ed6a2f09d6d2f  prescription_text.txt
dbfb35285918faae62785c449afd858039d57f8b76f6c0a8eaa37a4ddbb28b40  private_key_pem.txt
81e2b8d72a3ac665e57ab4c94565bf16ea2f0092a303e20f7f020e2b4ccb0106  same_length_mask.txt
344df4185e3f86b0cce8e2264562c6b8f85b7a2430f6fa063605fac1a90088af  sg_nric_fin.txt
96867f001b6d15b5782b71e520a844c644aa95d9d186cdfb85b9b7c088529f79  street_address.txt
5e4a5c2ccfdc6f96a60cf3b7dfd78edc534b0d544a9b0f6947ca827ca6aa665d  swift_bic.txt
7da30399d36fe6b530d8f6f3df12ad0d68c8f31312df79f5e64f59a37938453a  tax_identifier.txt
a2dcc139b89c08933d476b8c68425e124169c17b823686c8c1727f5988b73e86  uk_nino.txt
ad9de753156dfbdd9af9f83778c82e0994f0d4e61966ea70a67373fff193e243  uk_sort_code.txt
ffb9b7f97b1adb9fc805c416feb38ef9a8ebe61038dfb57686bbcadb3002179c  url.txt
cb6bfbb9774e83aace8e79b3fa7b90058a0642399255e2445b2cae9abc8ba150  url_credentials.txt
86dd8fcfcf981e61c5c7e1a60e2b5213ab553d38d65a649bd66f223263875ae2  us_aba_routing_number.txt
370b461dbbcefbb56a4e0a12992cad3aed27dec92ddb7c3b7680f89edadd70eb  us_ssn.txt
3ceede3a7bc15819c4cb392e8d9aabd60f59771d27e3ee482fff3999f08c6ea3  username.txt
14b0936170a16c46a8d2cd9203bf2153702ebd7c97cc8bd3bb442234bad4461c  uuid.txt
5bc49372cd962e441e8b973f8cd844bf9fdbc6d0d8b16b2decc4223a3a26197a  za_national_id.txt
