# Auto-generated by `make corpus-regen`. Do not edit.
# Format: <sha256-hex>  <filename> (two spaces, sha256sum-compatible).
169460da16eb976df40c6115c853653a01d3ae6b397658bc3d4e9cf376f76713  api_key.txt
0890bdb544f20a6bad4c7edb6fbee13e96ea43d8913e6301342f4ecacb47fef9  au_medicare_number.txt
2e607a294ea57bd9b346078ada7866e124c685dc628f3358703d60a9b22c6a7c  bank_account_number.txt
20f294e52aa40354c8254e89534a8840ab649aebbd5667d6d5f97d2062289f97  bearer_token.txt
99048f61626c1489af9e4af889e0bfbb2a4282a8a9741d2d819fbe8f4f95e036  br_cnpj.txt
a53d38ec192cec4f05a9ee46ffd21aa84458f0b2f82d084f3dfc1103382c092c  br_cpf.txt
931514108516c9da92ed4b4bec65a9c57348537453d63b21096b50b738abba55  ca_sin.txt
2a67c3cc9c3dc3af36ad5ac77a5f1d6f5f09b6920ea9b182d70c23d8cf3ae281  cn_resident_id.txt
a2cf5b7d7b015d1c17c52b864090bd779a1787632f9b971141a5df2a5d05f601  connection_string.txt
ad8bb31afdfe796bf78c591139125de050f637239922fc43443eb6c8f58ea428  database_dsn.txt
32fc735f639bc622c464e38fc54c21d9d7b608b9cd2eb9637c95433c2fe707ae  date_of_birth.txt
517d11bcd7e01b5298a99c6c6d2201f68e1b459c220753b0881a33afa350dd45  deterministic_hash.txt
d356222fb7a5c71e8e8e2f60a75291839fbb1819e6b7a8edc9d652eb34aa3a43  diagnosis_code.txt
8107daf5ced39db2b4f303519db1983c9570e9f4dad16c2b413110379f1d9be9  driver_license_number.txt
2128a87302b8377e36849d6e15416a704de773dd7d83ab41e42451ce9eda8f8f  email_address.txt
003ee5c17f6ccf6204921b44920dd550f0621da0d02c5f913613ab929a109d59  es_dni_nif_nie.txt
9154d1868b10453db520a3821d57eb7f227404721135065a61f89d2cfd12303d  family_name.txt
e9f0a6628864ea26ef708695ae3b792af8d669f2f5aa251d06612e13be1e8e00  full_redact.txt
d4ddc49bf18aec1622e8ae015bb74089699206cdfc8bb8d50815ed2775cf2816  generic_national_id.txt
49070fc937bcb947acb2fde33305356145eeffa4f650601cc2167fee3b824a66  geo_coordinates.txt
55a6f1f47188f4db1d620f6c2af30d943fca77c5367aaf5f8ddabb44652fb4bc  geo_latitude.txt
a28a011c7a1cf9b3a36d02569a79a872a113fcc5cfc657b963c4423c60baa7d6  geo_longitude.txt
c7fdfcef2033f7eaa8f84d8c5cab4445fbfa14f094b58a46cd472b653e558582  given_name.txt
d340c3ce58704c734d5e24c178c26fd049d0ca3357ab533d04f3beafe421149d  health_plan_beneficiary_id.txt
cf22780cb95b775c07dc12d1f096d2fbde180220069d0e92ede81caa2a99e2c2  hostname.txt
0cb2d4f2eb8b640ca4816e628e29e7b8bdab7be8d3154f39819e064d18d470d5  iban.txt
fd3a107b41eaf85ee94f6cdbe950f89666d2afdd20293f6d577f774366b8d036  imei.txt
8fa148a8cea05003289bc652404246c7c4eccc6da00b737e1c2e7174f38086b1  imsi.txt
fb6f43de2ea06295d924087132a5d83ec73cfc2c19e570c1c82b43126e9e5e86  in_aadhaar.txt
228143176be847f7a6324410739ee2a4a060dd518ff919380e044702a07b78b7  in_pan.txt
b1df81248f088eff3cfdffa68178455e1ac3b3a3f00e234e4b64be4617383c45  ipv4_address.txt
36747a7f23e6abaa0a593c45b0c2d0c14e53cd2898ac2c3cb24b42c34af5e2d0  ipv6_address.txt
c4727dc8a54fe06c59594830ff214e3b3179e0030b5797f422c70551260fceb9  jwt_token.txt
53a2f91d68e2c1a16d804eb7b8867b17bfb548e5d8f15285bb072d6771575740  mac_address.txt
f9ab93026febf3b7f5bcc3b91bb53e8695d11f8e07c1c469a923dd4ca2181c82  medical_device_identifier.txt
de9a8b5a21cdcb150d1691017a26bbe5e1730ed431315f64e6c7b144f211bd10  medical_record_number.txt
6979a977f35467ca158f7c1607f57fafa3cef6695c59b67a92fc32aeb54b8edb  mobile_phone_number.txt
9a9e62f4ab50a4728776f4fc02360d8b830051f772da67722a2bc5eae89a4d64  monetary_amount.txt
2d32c3d64362a9308cacb5803dea9ffbb031c9cf16be9054b057decda5c48bd7  msisdn.txt
cd97f054510f1a4597c8cf778fe4af7d195ca56e74555c8fb42794fb0bcf3b90  mx_curp.txt
36714a0acbed27de0e931d0e413cee944629f05caec980a2763b257b7db581a1  mx_rfc.txt
3057992f83ecb04362823d7618258d5e6ecf02b0a7022c69a2654105f01cfaf7  nullify.txt
3afdc495b2a9ae3fe5594f932c7bab0a17531b6da308a216204439dd4e7b9b48  passport_number.txt
b62e06a0b3caaf8ba4ebbe6d58ce798c019ca09299773a954c201e6183972a1b  password.txt
7c6893c2efb8e96e9d757e602f81532731b48f1c00e92d012403e825d5eea1de  payment_card_cvv.txt
5ad8e1f837057fbe4119c788d6d228110ad529a76270f3d6e91dfcfaa8636134  payment_card_pan.txt
10ae7a1694d4c1a2b7e4c2b10b6675d2aeb082483bebb8eb35def7f5ecec76c4  payment_card_pan_first6.txt
466e295bc0650d9b2c1ceaf1b3588c8469e46d5e2fa9d6cb6d695e4941a9d2e0  payment_card_pan_last4.txt
0ec6d9c305245d37861b3ef4b33519261b54f8ec4614bad8771a1b63a7b67a59  payment_card_pin.txt
52249bf1cf4c09467a6afb37ba3b25caad9267220a599df9a2e02c76d5806752  person_name.txt
4f9472f0ec92456609600bad17d577888707bd4b4cac9989c4b059aa83402632  phone_number.txt
6f83f1bbd1d77130884f4b3dc4bbba95ac346a16e186f281a21459ccd268e8c8  postal_code.txt
81c2e712eef68e259ca5ae06d81f41fee5e542b40855ffb0a4a8badfa1771f1a  prescription_text.txt
b38fa78d666534f0bc51412a46134d6e4934e6a7e7a44bf33b4a46c839dbab52  private_key_pem.txt
8b976f6a74983f113e55d7ecff5d245ec357b2139f5516f4d760c9a692184698  same_length_mask.txt
0feac9e30d90385e175ed4aed85793f9883fa6581e39428ebe866064170621ac  sg_nric_fin.txt
bf62ea58c31821fd3409ba90af509d3e05df061bc9d421b0a6fe4b63825f718b  street_address.txt
8bcf5580e5d0c0b79d4e64a003e7010d2519b587733f6b7068455cf206767310  swift_bic.txt
ecb3e86086510df507a6054ff1f527c4d2b97fc118808fe484b161c12c221ff0  tax_identifier.txt
b276cae8a157c0f7c8d85f45470da46c54394ae26f2469de9b7ede85b4593507  uk_nino.txt
7f6511401d08a37e1227ab4b15e4d66368abf9ce4c192052be8540ec88031dd8  uk_sort_code.txt
d36b04ada70093de826a4798de5b03d7520fb0b9b41fdfd3140a37b3cee1dc89  url.txt
d9bb7687b82998e062909a46b6e32f509500b1a8b1880502b8f076d0ab846c4f  url_credentials.txt
765dd34fbdce3acd32f598b8e9971aa20a58fda9ac9b6c3bfc987e8abe9608d3  us_aba_routing_number.txt
22e8698b3d01a82b9fedc2cce80355472b36b3498582e4241a541a19f6f6436d  us_ssn.txt
59382c7a96b1723a27ca0fa1db7066d1db60b6ea8e8d26ca7b34199da71b86b6  username.txt
5a01341015e499162a1cfbdf8515235a5b2a9d70291d4e877a8ee6f1e767a29b  uuid.txt
becd16e5bd8e9dbabde830714696cad4771b168c8d6f8e57832b7dd3a29c72d1  za_national_id.txt
